
Microsoft Visual Studio Solution File, Format Version 12.00
# Visual Studio Version 17
VisualStudioVersion = 17.11.35303.130
MinimumVisualStudioVersion = 10.0.40219.1
Project("{2150E333-8FDC-42A3-9474-1A3956D46DE8}") = "src", "src", "{A39B65D5-D400-498C-8422-CD7F9C3962E3}"
EndProject
Project("{2150E333-8FDC-42A3-9474-1A3956D46DE8}") = "tests", "tests", "{91816C66-4EED-4904-8EBE-D1DAAE50DB72}"
EndProject
Project("{2150E333-8FDC-42A3-9474-1A3956D46DE8}") = "Core", "Core", "{10059AC0-FE4E-4B9A-BCD5-7AF9E5173717}"
EndProject
Project("{9A19103F-16F7-4668-BE54-9A1E7A4F7556}") = "WAAL.Domain", "WAAL.Domain\WAAL.Domain.csproj", "{F99A9BD1-0C8C-4E6A-90A2-6CBF0AC6B29C}"
EndProject
Project("{9A19103F-16F7-4668-BE54-9A1E7A4F7556}") = "WAAL.Application", "WAAL.Application\WAAL.Application.csproj", "{6BE0469E-EA85-44A9-B1AC-5594A66811BF}"
EndProject
Project("{2150E333-8FDC-42A3-9474-1A3956D46DE8}") = "Infrastructure", "Infrastructure", "{E76A1A2F-235C-4928-8472-1CC6F1D48803}"
EndProject
Project("{9A19103F-16F7-4668-BE54-9A1E7A4F7556}") = "WAAL.Infrastructure", "WAAL.Infrastructure\WAAL.Infrastructure.csproj", "{8252DF28-E8D2-402D-A966-57838DB97E34}"
EndProject
Project("{9A19103F-16F7-4668-BE54-9A1E7A4F7556}") = "WAAL.Shared", "WAAL.Shared\WAAL.Shared.csproj", "{5D4813AD-AADF-4BB9-83EA-7843B54644F9}"
EndProject
Project("{9A19103F-16F7-4668-BE54-9A1E7A4F7556}") = "WAAL.Persistence", "WAAL.Persistence\WAAL.Persistence.csproj", "{E11D8919-0385-4185-BDEB-B89B72CB85C4}"
EndProject
Project("{2150E333-8FDC-42A3-9474-1A3956D46DE8}") = "Presentation", "Presentation", "{67B625DC-8537-46F8-9D3E-616A7E7C26A5}"
EndProject
Project("{9A19103F-16F7-4668-BE54-9A1E7A4F7556}") = "WAAL.API", "WAAL.API\WAAL.API.csproj", "{0B65BB17-8435-4914-B430-EE1F10CAD9B8}"
EndProject
Project("{2150E333-8FDC-42A3-9474-1A3956D46DE8}") = "ClientApp", "ClientApp", "{F3CD7FFE-A658-453B-A2A2-D6E4FD572CDC}"
EndProject
Project("{FAE04EC0-301F-11D3-BF4B-00C04F79EFBC}") = "WAAL.Tests", "WAAL.Tests\WAAL.Tests.csproj", "{87FD722E-22F9-4604-A021-86DF1F510860}"
EndProject
Project("{FAE04EC0-301F-11D3-BF4B-00C04F79EFBC}") = "WAAL.ClientApp", "WAAL.ClientApp\WAAL.ClientApp.csproj", "{8C249BA0-6977-41D5-8345-22A5F0A736EE}"
EndProject
Global
	GlobalSection(SolutionConfigurationPlatforms) = preSolution
		Debug|Any CPU = Debug|Any CPU
		Release|Any CPU = Release|Any CPU
	EndGlobalSection
	GlobalSection(ProjectConfigurationPlatforms) = postSolution
		{F99A9BD1-0C8C-4E6A-90A2-6CBF0AC6B29C}.Debug|Any CPU.ActiveCfg = Debug|Any CPU
		{F99A9BD1-0C8C-4E6A-90A2-6CBF0AC6B29C}.Debug|Any CPU.Build.0 = Debug|Any CPU
		{F99A9BD1-0C8C-4E6A-90A2-6CBF0AC6B29C}.Release|Any CPU.ActiveCfg = Release|Any CPU
		{F99A9BD1-0C8C-4E6A-90A2-6CBF0AC6B29C}.Release|Any CPU.Build.0 = Release|Any CPU
		{6BE0469E-EA85-44A9-B1AC-5594A66811BF}.Debug|Any CPU.ActiveCfg = Debug|Any CPU
		{6BE0469E-EA85-44A9-B1AC-5594A66811BF}.Debug|Any CPU.Build.0 = Debug|Any CPU
		{6BE0469E-EA85-44A9-B1AC-5594A66811BF}.Release|Any CPU.ActiveCfg = Release|Any CPU
		{6BE0469E-EA85-44A9-B1AC-5594A66811BF}.Release|Any CPU.Build.0 = Release|Any CPU
		{8252DF28-E8D2-402D-A966-57838DB97E34}.Debug|Any CPU.ActiveCfg = Debug|Any CPU
		{8252DF28-E8D2-402D-A966-57838DB97E34}.Debug|Any CPU.Build.0 = Debug|Any CPU
		{8252DF28-E8D2-402D-A966-57838DB97E34}.Release|Any CPU.ActiveCfg = Release|Any CPU
		{8252DF28-E8D2-402D-A966-57838DB97E34}.Release|Any CPU.Build.0 = Release|Any CPU
		{5D4813AD-AADF-4BB9-83EA-7843B54644F9}.Debug|Any CPU.ActiveCfg = Debug|Any CPU
		{5D4813AD-AADF-4BB9-83EA-7843B54644F9}.Debug|Any CPU.Build.0 = Debug|Any CPU
		{5D4813AD-AADF-4BB9-83EA-7843B54644F9}.Release|Any CPU.ActiveCfg = Release|Any CPU
		{5D4813AD-AADF-4BB9-83EA-7843B54644F9}.Release|Any CPU.Build.0 = Release|Any CPU
		{E11D8919-0385-4185-BDEB-B89B72CB85C4}.Debug|Any CPU.ActiveCfg = Debug|Any CPU
		{E11D8919-0385-4185-BDEB-B89B72CB85C4}.Debug|Any CPU.Build.0 = Debug|Any CPU
		{E11D8919-0385-4185-BDEB-B89B72CB85C4}.Release|Any CPU.ActiveCfg = Release|Any CPU
		{E11D8919-0385-4185-BDEB-B89B72CB85C4}.Release|Any CPU.Build.0 = Release|Any CPU
		{0B65BB17-8435-4914-B430-EE1F10CAD9B8}.Debug|Any CPU.ActiveCfg = Debug|Any CPU
		{0B65BB17-8435-4914-B430-EE1F10CAD9B8}.Debug|Any CPU.Build.0 = Debug|Any CPU
		{0B65BB17-8435-4914-B430-EE1F10CAD9B8}.Release|Any CPU.ActiveCfg = Release|Any CPU
		{0B65BB17-8435-4914-B430-EE1F10CAD9B8}.Release|Any CPU.Build.0 = Release|Any CPU
		{87FD722E-22F9-4604-A021-86DF1F510860}.Debug|Any CPU.ActiveCfg = Debug|Any CPU
		{87FD722E-22F9-4604-A021-86DF1F510860}.Debug|Any CPU.Build.0 = Debug|Any CPU
		{87FD722E-22F9-4604-A021-86DF1F510860}.Release|Any CPU.ActiveCfg = Release|Any CPU
		{87FD722E-22F9-4604-A021-86DF1F510860}.Release|Any CPU.Build.0 = Release|Any CPU
		{8C249BA0-6977-41D5-8345-22A5F0A736EE}.Debug|Any CPU.ActiveCfg = Debug|Any CPU
		{8C249BA0-6977-41D5-8345-22A5F0A736EE}.Debug|Any CPU.Build.0 = Debug|Any CPU
		{8C249BA0-6977-41D5-8345-22A5F0A736EE}.Release|Any CPU.ActiveCfg = Release|Any CPU
		{8C249BA0-6977-41D5-8345-22A5F0A736EE}.Release|Any CPU.Build.0 = Release|Any CPU
	EndGlobalSection
	GlobalSection(SolutionProperties) = preSolution
		HideSolutionNode = FALSE
	EndGlobalSection
	GlobalSection(NestedProjects) = preSolution
		{10059AC0-FE4E-4B9A-BCD5-7AF9E5173717} = {A39B65D5-D400-498C-8422-CD7F9C3962E3}
		{F99A9BD1-0C8C-4E6A-90A2-6CBF0AC6B29C} = {10059AC0-FE4E-4B9A-BCD5-7AF9E5173717}
		{6BE0469E-EA85-44A9-B1AC-5594A66811BF} = {10059AC0-FE4E-4B9A-BCD5-7AF9E5173717}
		{E76A1A2F-235C-4928-8472-1CC6F1D48803} = {A39B65D5-D400-498C-8422-CD7F9C3962E3}
		{8252DF28-E8D2-402D-A966-57838DB97E34} = {E76A1A2F-235C-4928-8472-1CC6F1D48803}
		{5D4813AD-AADF-4BB9-83EA-7843B54644F9} = {10059AC0-FE4E-4B9A-BCD5-7AF9E5173717}
		{E11D8919-0385-4185-BDEB-B89B72CB85C4} = {E76A1A2F-235C-4928-8472-1CC6F1D48803}
		{67B625DC-8537-46F8-9D3E-616A7E7C26A5} = {A39B65D5-D400-498C-8422-CD7F9C3962E3}
		{0B65BB17-8435-4914-B430-EE1F10CAD9B8} = {67B625DC-8537-46F8-9D3E-616A7E7C26A5}
		{F3CD7FFE-A658-453B-A2A2-D6E4FD572CDC} = {A39B65D5-D400-498C-8422-CD7F9C3962E3}
		{87FD722E-22F9-4604-A021-86DF1F510860} = {91816C66-4EED-4904-8EBE-D1DAAE50DB72}
		{8C249BA0-6977-41D5-8345-22A5F0A736EE} = {F3CD7FFE-A658-453B-A2A2-D6E4FD572CDC}
	EndGlobalSection
	GlobalSection(ExtensibilityGlobals) = postSolution
		SolutionGuid = {7B504119-3108-49B2-8849-3060D53854A4}
	EndGlobalSection
EndGlobal
